// !$*UTF8*$!
{
	archiveVersion = 1;
	classes = {
	};
	objectVersion = 56;
	objects = {

/* Begin PBXBuildFile section */
		D780FA12ABBAA39724DB1E14 /* Pods_Tracker.framework in Frameworks */ = {isa = PBXBuildFile; fileRef = 2D315B645ED5435AB778CFE9 /* Pods_Tracker.framework */; };
		E72523BF2AE8459000612BA5 /* OnboardingViewController.swift in Sources */ = {isa = PBXBuildFile; fileRef = E72523BE2AE8459000612BA5 /* OnboardingViewController.swift */; };
		E72523C32AEA977B00612BA5 /* CreateCategoryViewController.swift in Sources */ = {isa = PBXBuildFile; fileRef = E72523C22AEA977B00612BA5 /* CreateCategoryViewController.swift */; };
		E72523C52AEA97B100612BA5 /* CategoryViewControllerModel.swift in Sources */ = {isa = PBXBuildFile; fileRef = E72523C42AEA97B100612BA5 /* CategoryViewControllerModel.swift */; };
		E72C33422B0BFE0500FDF76B /* OnboardingPageViewController.swift in Sources */ = {isa = PBXBuildFile; fileRef = E72C33412B0BFE0500FDF76B /* OnboardingPageViewController.swift */; };
		E72C33442B0C009B00FDF76B /* TrackerCategoryCell.swift in Sources */ = {isa = PBXBuildFile; fileRef = E72C33432B0C009B00FDF76B /* TrackerCategoryCell.swift */; };
		E72C334D2B0E9D4800FDF76B /* LocalizableStringKeys.swift in Sources */ = {isa = PBXBuildFile; fileRef = E72C334C2B0E9D4800FDF76B /* LocalizableStringKeys.swift */; };
		E72C334F2B0EA03D00FDF76B /* Localizable.stringsdict in Resources */ = {isa = PBXBuildFile; fileRef = E72C33512B0EA03D00FDF76B /* Localizable.stringsdict */; };
		E72C33522B0EA04D00FDF76B /* Localizable.strings in Resources */ = {isa = PBXBuildFile; fileRef = E72C33542B0EA04D00FDF76B /* Localizable.strings */; };
		E72CCE292B102A6300B90B58 /* FilterViewController.swift in Sources */ = {isa = PBXBuildFile; fileRef = E72CCE282B102A6300B90B58 /* FilterViewController.swift */; };
		E72CCE2C2B126D3700B90B58 /* StatisticCell.swift in Sources */ = {isa = PBXBuildFile; fileRef = E72CCE2B2B126D3700B90B58 /* StatisticCell.swift */; };
		E72CCE2E2B126D6200B90B58 /* StatisticViewModel.swift in Sources */ = {isa = PBXBuildFile; fileRef = E72CCE2D2B126D6200B90B58 /* StatisticViewModel.swift */; };
		E731984B2B16BA7D00CDFFAB /* AnalyticsService.swift in Sources */ = {isa = PBXBuildFile; fileRef = E731984A2B16BA7D00CDFFAB /* AnalyticsService.swift */; };
		E731984D2B16BDCA00CDFFAB /* Colors.swift in Sources */ = {isa = PBXBuildFile; fileRef = E731984C2B16BDCA00CDFFAB /* Colors.swift */; };
		E73198532B1D51FA00CDFFAB /* Extention.swift in Sources */ = {isa = PBXBuildFile; fileRef = E73198522B1D51FA00CDFFAB /* Extention.swift */; };
		E73198D62B22405B00CDFFAB /* TrackerTests.swift in Sources */ = {isa = PBXBuildFile; fileRef = E73198D52B22405B00CDFFAB /* TrackerTests.swift */; };
		E73198DE2B22407E00CDFFAB /* InlineSnapshotTesting in Frameworks */ = {isa = PBXBuildFile; productRef = E73198DD2B22407E00CDFFAB /* InlineSnapshotTesting */; };
		E73198E02B22407E00CDFFAB /* SnapshotTesting in Frameworks */ = {isa = PBXBuildFile; productRef = E73198DF2B22407E00CDFFAB /* SnapshotTesting */; };
		E76C122E2ACB499100024161 /* AppDelegate.swift in Sources */ = {isa = PBXBuildFile; fileRef = E76C122D2ACB499100024161 /* AppDelegate.swift */; };
		E76C12302ACB499100024161 /* SceneDelegate.swift in Sources */ = {isa = PBXBuildFile; fileRef = E76C122F2ACB499100024161 /* SceneDelegate.swift */; };
		E76C12352ACB499100024161 /* Main.storyboard in Resources */ = {isa = PBXBuildFile; fileRef = E76C12332ACB499100024161 /* Main.storyboard */; };
		E76C12372ACB499200024161 /* Assets.xcassets in Resources */ = {isa = PBXBuildFile; fileRef = E76C12362ACB499200024161 /* Assets.xcassets */; };
		E76C123A2ACB499200024161 /* LaunchScreen.storyboard in Resources */ = {isa = PBXBuildFile; fileRef = E76C12382ACB499200024161 /* LaunchScreen.storyboard */; };
		E76C124A2ACB4C1800024161 /* TrackerCell.swift in Sources */ = {isa = PBXBuildFile; fileRef = E76C12492ACB4C1700024161 /* TrackerCell.swift */; };
		E76C124C2ACB4C3200024161 /* TrackerViewController.swift in Sources */ = {isa = PBXBuildFile; fileRef = E76C124B2ACB4C3200024161 /* TrackerViewController.swift */; };
		E76C124E2ACB4C4A00024161 /* TrackerCreator.swift in Sources */ = {isa = PBXBuildFile; fileRef = E76C124D2ACB4C4A00024161 /* TrackerCreator.swift */; };
		E76C12522ACB4C8C00024161 /* NewHabitViewController.swift in Sources */ = {isa = PBXBuildFile; fileRef = E76C12512ACB4C8C00024161 /* NewHabitViewController.swift */; };
		E76C12582ACB4CDE00024161 /* TrackerCategory.swift in Sources */ = {isa = PBXBuildFile; fileRef = E76C12572ACB4CDE00024161 /* TrackerCategory.swift */; };
		E76C125A2ACB4CFB00024161 /* Tracker.swift in Sources */ = {isa = PBXBuildFile; fileRef = E76C12592ACB4CFA00024161 /* Tracker.swift */; };
		E76C125C2ACB4D0F00024161 /* TrackerRecord.swift in Sources */ = {isa = PBXBuildFile; fileRef = E76C125B2ACB4D0F00024161 /* TrackerRecord.swift */; };
		E76C125E2ACB4D2200024161 /* TrackerCellViewModel.swift in Sources */ = {isa = PBXBuildFile; fileRef = E76C125D2ACB4D2200024161 /* TrackerCellViewModel.swift */; };
		E76C12602ACB4D4000024161 /* TrackersSheduleViewController.swift in Sources */ = {isa = PBXBuildFile; fileRef = E76C125F2ACB4D4000024161 /* TrackersSheduleViewController.swift */; };
		E76C12622ACB4D5700024161 /* TrackerScheduleTableView.swift in Sources */ = {isa = PBXBuildFile; fileRef = E76C12612ACB4D5700024161 /* TrackerScheduleTableView.swift */; };
		E76C12642ACB4E1200024161 /* StatisticViewController.swift in Sources */ = {isa = PBXBuildFile; fileRef = E76C12632ACB4E1200024161 /* StatisticViewController.swift */; };
		E76C12662ACB4E2000024161 /* TabBarController.swift in Sources */ = {isa = PBXBuildFile; fileRef = E76C12652ACB4E2000024161 /* TabBarController.swift */; };
		E76C12682ACB4E2C00024161 /* NewEventViewController.swift in Sources */ = {isa = PBXBuildFile; fileRef = E76C12672ACB4E2C00024161 /* NewEventViewController.swift */; };
		E76C126A2ACB4E3900024161 /* CategoryViewController.swift in Sources */ = {isa = PBXBuildFile; fileRef = E76C12692ACB4E3900024161 /* CategoryViewController.swift */; };
		E76C126C2ACB4E4700024161 /* TrackerHeader.swift in Sources */ = {isa = PBXBuildFile; fileRef = E76C126B2ACB4E4700024161 /* TrackerHeader.swift */; };
		E76C126E2ACB4E5300024161 /* EmojiCollectionViewCell.swift in Sources */ = {isa = PBXBuildFile; fileRef = E76C126D2ACB4E5300024161 /* EmojiCollectionViewCell.swift */; };
		E76C12702ACB4E6000024161 /* ColorsCollectionViewCell.swift in Sources */ = {isa = PBXBuildFile; fileRef = E76C126F2ACB4E6000024161 /* ColorsCollectionViewCell.swift */; };
		E76C12962ACC7A4500024161 /* DataModel.xcdatamodeld in Sources */ = {isa = PBXBuildFile; fileRef = E76C12942ACC7A4500024161 /* DataModel.xcdatamodeld */; };
		E76C129C2ACDF81E00024161 /* TrackerStore.swift in Sources */ = {isa = PBXBuildFile; fileRef = E76C129B2ACDF81E00024161 /* TrackerStore.swift */; };
		E76C129E2ACDF83200024161 /* TrackerCategoryStore.swift in Sources */ = {isa = PBXBuildFile; fileRef = E76C129D2ACDF83200024161 /* TrackerCategoryStore.swift */; };
		E76C12A02ACDF83E00024161 /* TrackerRecordStore.swift in Sources */ = {isa = PBXBuildFile; fileRef = E76C129F2ACDF83E00024161 /* TrackerRecordStore.swift */; };
		E76C12A22ACF373300024161 /* UIColorMarshalling.swift in Sources */ = {isa = PBXBuildFile; fileRef = E76C12A12ACF373300024161 /* UIColorMarshalling.swift */; };
		E76C12A42ACF43BC00024161 /* ScheduleMarshalling.swift in Sources */ = {isa = PBXBuildFile; fileRef = E76C12A32ACF43BC00024161 /* ScheduleMarshalling.swift */; };
/* End PBXBuildFile section */

/* Begin PBXContainerItemProxy section */
		E73198D72B22405B00CDFFAB /* PBXContainerItemProxy */ = {
			isa = PBXContainerItemProxy;
			containerPortal = E76C12222ACB499100024161 /* Project object */;
			proxyType = 1;
			remoteGlobalIDString = E76C12292ACB499100024161;
			remoteInfo = Tracker;
		};
/* End PBXContainerItemProxy section */

/* Begin PBXFileReference section */
		2D315B645ED5435AB778CFE9 /* Pods_Tracker.framework */ = {isa = PBXFileReference; explicitFileType = wrapper.framework; includeInIndex = 0; path = Pods_Tracker.framework; sourceTree = BUILT_PRODUCTS_DIR; };
		B5092989B5BD12474B58A119 /* Pods-Tracker.release.xcconfig */ = {isa = PBXFileReference; includeInIndex = 1; lastKnownFileType = text.xcconfig; name = "Pods-Tracker.release.xcconfig"; path = "Target Support Files/Pods-Tracker/Pods-Tracker.release.xcconfig"; sourceTree = "<group>"; };
		D655214C0E6F723FA18504FC /* Pods-Tracker.debug.xcconfig */ = {isa = PBXFileReference; includeInIndex = 1; lastKnownFileType = text.xcconfig; name = "Pods-Tracker.debug.xcconfig"; path = "Target Support Files/Pods-Tracker/Pods-Tracker.debug.xcconfig"; sourceTree = "<group>"; };
		E72523BE2AE8459000612BA5 /* OnboardingViewController.swift */ = {isa = PBXFileReference; lastKnownFileType = sourcecode.swift; path = OnboardingViewController.swift; sourceTree = "<group>"; };
		E72523C22AEA977B00612BA5 /* CreateCategoryViewController.swift */ = {isa = PBXFileReference; lastKnownFileType = sourcecode.swift; path = CreateCategoryViewController.swift; sourceTree = "<group>"; };
		E72523C42AEA97B100612BA5 /* CategoryViewControllerModel.swift */ = {isa = PBXFileReference; lastKnownFileType = sourcecode.swift; path = CategoryViewControllerModel.swift; sourceTree = "<group>"; };
		E72C33412B0BFE0500FDF76B /* OnboardingPageViewController.swift */ = {isa = PBXFileReference; lastKnownFileType = sourcecode.swift; path = OnboardingPageViewController.swift; sourceTree = "<group>"; };
		E72C33432B0C009B00FDF76B /* TrackerCategoryCell.swift */ = {isa = PBXFileReference; lastKnownFileType = sourcecode.swift; path = TrackerCategoryCell.swift; sourceTree = "<group>"; };
		E72C334C2B0E9D4800FDF76B /* LocalizableStringKeys.swift */ = {isa = PBXFileReference; lastKnownFileType = sourcecode.swift; path = LocalizableStringKeys.swift; sourceTree = "<group>"; };
		E72C33502B0EA03D00FDF76B /* en */ = {isa = PBXFileReference; lastKnownFileType = text.plist.stringsdict; name = en; path = en.lproj/Localizable.stringsdict; sourceTree = "<group>"; };
		E72C33532B0EA04D00FDF76B /* en */ = {isa = PBXFileReference; lastKnownFileType = text.plist.strings; name = en; path = en.lproj/Localizable.strings; sourceTree = "<group>"; };
		E72C33572B0EA11900FDF76B /* ru */ = {isa = PBXFileReference; lastKnownFileType = text.plist.stringsdict; name = ru; path = ru.lproj/Localizable.stringsdict; sourceTree = "<group>"; };
		E72C33582B0EA11900FDF76B /* ru */ = {isa = PBXFileReference; lastKnownFileType = text.plist.strings; name = ru; path = ru.lproj/Localizable.strings; sourceTree = "<group>"; };
		E72CCE262B0EA29C00B90B58 /* en */ = {isa = PBXFileReference; lastKnownFileType = text.plist.strings; name = en; path = en.lproj/Main.strings; sourceTree = "<group>"; };
		E72CCE272B0EA29C00B90B58 /* en */ = {isa = PBXFileReference; lastKnownFileType = text.plist.strings; name = en; path = en.lproj/LaunchScreen.strings; sourceTree = "<group>"; };
		E72CCE282B102A6300B90B58 /* FilterViewController.swift */ = {isa = PBXFileReference; lastKnownFileType = sourcecode.swift; path = FilterViewController.swift; sourceTree = "<group>"; };
		E72CCE2B2B126D3700B90B58 /* StatisticCell.swift */ = {isa = PBXFileReference; lastKnownFileType = sourcecode.swift; path = StatisticCell.swift; sourceTree = "<group>"; };
		E72CCE2D2B126D6200B90B58 /* StatisticViewModel.swift */ = {isa = PBXFileReference; lastKnownFileType = sourcecode.swift; path = StatisticViewModel.swift; sourceTree = "<group>"; };
		E731984A2B16BA7D00CDFFAB /* AnalyticsService.swift */ = {isa = PBXFileReference; lastKnownFileType = sourcecode.swift; path = AnalyticsService.swift; sourceTree = "<group>"; };
		E731984C2B16BDCA00CDFFAB /* Colors.swift */ = {isa = PBXFileReference; lastKnownFileType = sourcecode.swift; path = Colors.swift; sourceTree = "<group>"; };
		E73198522B1D51FA00CDFFAB /* Extention.swift */ = {isa = PBXFileReference; lastKnownFileType = sourcecode.swift; path = Extention.swift; sourceTree = "<group>"; };
		E73198D32B22405B00CDFFAB /* TrackerTests.xctest */ = {isa = PBXFileReference; explicitFileType = wrapper.cfbundle; includeInIndex = 0; path = TrackerTests.xctest; sourceTree = BUILT_PRODUCTS_DIR; };
		E73198D52B22405B00CDFFAB /* TrackerTests.swift */ = {isa = PBXFileReference; lastKnownFileType = sourcecode.swift; path = TrackerTests.swift; sourceTree = "<group>"; };
		E76C122A2ACB499100024161 /* Tracker.app */ = {isa = PBXFileReference; explicitFileType = wrapper.application; includeInIndex = 0; path = Tracker.app; sourceTree = BUILT_PRODUCTS_DIR; };
		E76C122D2ACB499100024161 /* AppDelegate.swift */ = {isa = PBXFileReference; lastKnownFileType = sourcecode.swift; path = AppDelegate.swift; sourceTree = "<group>"; };
		E76C122F2ACB499100024161 /* SceneDelegate.swift */ = {isa = PBXFileReference; lastKnownFileType = sourcecode.swift; path = SceneDelegate.swift; sourceTree = "<group>"; };
		E76C12342ACB499100024161 /* Base */ = {isa = PBXFileReference; lastKnownFileType = file.storyboard; name = Base; path = Base.lproj/Main.storyboard; sourceTree = "<group>"; };
		E76C12362ACB499200024161 /* Assets.xcassets */ = {isa = PBXFileReference; lastKnownFileType = folder.assetcatalog; path = Assets.xcassets; sourceTree = "<group>"; };
		E76C12392ACB499200024161 /* Base */ = {isa = PBXFileReference; lastKnownFileType = file.storyboard; name = Base; path = Base.lproj/LaunchScreen.storyboard; sourceTree = "<group>"; };
		E76C123B2ACB499200024161 /* Info.plist */ = {isa = PBXFileReference; lastKnownFileType = text.plist.xml; path = Info.plist; sourceTree = "<group>"; };
		E76C12492ACB4C1700024161 /* TrackerCell.swift */ = {isa = PBXFileReference; lastKnownFileType = sourcecode.swift; path = TrackerCell.swift; sourceTree = "<group>"; };
		E76C124B2ACB4C3200024161 /* TrackerViewController.swift */ = {isa = PBXFileReference; lastKnownFileType = sourcecode.swift; path = TrackerViewController.swift; sourceTree = "<group>"; };
		E76C124D2ACB4C4A00024161 /* TrackerCreator.swift */ = {isa = PBXFileReference; lastKnownFileType = sourcecode.swift; path = TrackerCreator.swift; sourceTree = "<group>"; };
		E76C12512ACB4C8C00024161 /* NewHabitViewController.swift */ = {isa = PBXFileReference; lastKnownFileType = sourcecode.swift; path = NewHabitViewController.swift; sourceTree = "<group>"; };
		E76C12572ACB4CDE00024161 /* TrackerCategory.swift */ = {isa = PBXFileReference; lastKnownFileType = sourcecode.swift; path = TrackerCategory.swift; sourceTree = "<group>"; };
		E76C12592ACB4CFA00024161 /* Tracker.swift */ = {isa = PBXFileReference; lastKnownFileType = sourcecode.swift; path = Tracker.swift; sourceTree = "<group>"; };
		E76C125B2ACB4D0F00024161 /* TrackerRecord.swift */ = {isa = PBXFileReference; lastKnownFileType = sourcecode.swift; path = TrackerRecord.swift; sourceTree = "<group>"; };
		E76C125D2ACB4D2200024161 /* TrackerCellViewModel.swift */ = {isa = PBXFileReference; lastKnownFileType = sourcecode.swift; path = TrackerCellViewModel.swift; sourceTree = "<group>"; };
		E76C125F2ACB4D4000024161 /* TrackersSheduleViewController.swift */ = {isa = PBXFileReference; lastKnownFileType = sourcecode.swift; path = TrackersSheduleViewController.swift; sourceTree = "<group>"; };
		E76C12612ACB4D5700024161 /* TrackerScheduleTableView.swift */ = {isa = PBXFileReference; lastKnownFileType = sourcecode.swift; path = TrackerScheduleTableView.swift; sourceTree = "<group>"; };
		E76C12632ACB4E1200024161 /* StatisticViewController.swift */ = {isa = PBXFileReference; lastKnownFileType = sourcecode.swift; path = StatisticViewController.swift; sourceTree = "<group>"; };
		E76C12652ACB4E2000024161 /* TabBarController.swift */ = {isa = PBXFileReference; lastKnownFileType = sourcecode.swift; path = TabBarController.swift; sourceTree = "<group>"; };
		E76C12672ACB4E2C00024161 /* NewEventViewController.swift */ = {isa = PBXFileReference; lastKnownFileType = sourcecode.swift; path = NewEventViewController.swift; sourceTree = "<group>"; };
		E76C12692ACB4E3900024161 /* CategoryViewController.swift */ = {isa = PBXFileReference; lastKnownFileType = sourcecode.swift; path = CategoryViewController.swift; sourceTree = "<group>"; };
		E76C126B2ACB4E4700024161 /* TrackerHeader.swift */ = {isa = PBXFileReference; lastKnownFileType = sourcecode.swift; path = TrackerHeader.swift; sourceTree = "<group>"; };
		E76C126D2ACB4E5300024161 /* EmojiCollectionViewCell.swift */ = {isa = PBXFileReference; lastKnownFileType = sourcecode.swift; path = EmojiCollectionViewCell.swift; sourceTree = "<group>"; };
		E76C126F2ACB4E6000024161 /* ColorsCollectionViewCell.swift */ = {isa = PBXFileReference; lastKnownFileType = sourcecode.swift; path = ColorsCollectionViewCell.swift; sourceTree = "<group>"; };
		E76C12952ACC7A4500024161 /* Tracker.xcdatamodel */ = {isa = PBXFileReference; lastKnownFileType = wrapper.xcdatamodel; path = Tracker.xcdatamodel; sourceTree = "<group>"; };
		E76C129B2ACDF81E00024161 /* TrackerStore.swift */ = {isa = PBXFileReference; lastKnownFileType = sourcecode.swift; path = TrackerStore.swift; sourceTree = "<group>"; };
		E76C129D2ACDF83200024161 /* TrackerCategoryStore.swift */ = {isa = PBXFileReference; lastKnownFileType = sourcecode.swift; path = TrackerCategoryStore.swift; sourceTree = "<group>"; };
		E76C129F2ACDF83E00024161 /* TrackerRecordStore.swift */ = {isa = PBXFileReference; lastKnownFileType = sourcecode.swift; path = TrackerRecordStore.swift; sourceTree = "<group>"; };
		E76C12A12ACF373300024161 /* UIColorMarshalling.swift */ = {isa = PBXFileReference; lastKnownFileType = sourcecode.swift; path = UIColorMarshalling.swift; sourceTree = "<group>"; };
		E76C12A32ACF43BC00024161 /* ScheduleMarshalling.swift */ = {isa = PBXFileReference; lastKnownFileType = sourcecode.swift; path = ScheduleMarshalling.swift; sourceTree = "<group>"; };
/* End PBXFileReference section */

/* Begin PBXFrameworksBuildPhase section */
		E73198D02B22405B00CDFFAB /* Frameworks */ = {
			isa = PBXFrameworksBuildPhase;
			buildActionMask = 2147483647;
			files = (
				E73198DE2B22407E00CDFFAB /* InlineSnapshotTesting in Frameworks */,
				E73198E02B22407E00CDFFAB /* SnapshotTesting in Frameworks */,
			);
			runOnlyForDeploymentPostprocessing = 0;
		};
		E76C12272ACB499100024161 /* Frameworks */ = {
			isa = PBXFrameworksBuildPhase;
			buildActionMask = 2147483647;
			files = (
				D780FA12ABBAA39724DB1E14 /* Pods_Tracker.framework in Frameworks */,
			);
			runOnlyForDeploymentPostprocessing = 0;
		};
/* End PBXFrameworksBuildPhase section */

/* Begin PBXGroup section */
		6636FF42E791ED75791EE1B7 /* Pods */ = {
			isa = PBXGroup;
			children = (
				D655214C0E6F723FA18504FC /* Pods-Tracker.debug.xcconfig */,
				B5092989B5BD12474B58A119 /* Pods-Tracker.release.xcconfig */,
			);
			path = Pods;
			sourceTree = "<group>";
		};
		AEEFAD381F85144E8A2ED238 /* Frameworks */ = {
			isa = PBXGroup;
			children = (
				2D315B645ED5435AB778CFE9 /* Pods_Tracker.framework */,
			);
			name = Frameworks;
			sourceTree = "<group>";
		};
		E72523C12AEA96C700612BA5 /* CategoryViewController */ = {
			isa = PBXGroup;
			children = (
				E76C12692ACB4E3900024161 /* CategoryViewController.swift */,
				E72523C22AEA977B00612BA5 /* CreateCategoryViewController.swift */,
				E72523C42AEA97B100612BA5 /* CategoryViewControllerModel.swift */,
				E72C33432B0C009B00FDF76B /* TrackerCategoryCell.swift */,
			);
			path = CategoryViewController;
			sourceTree = "<group>";
		};
		E72C33492B0E525B00FDF76B /* ColorsAndEmojiCollectionCell */ = {
			isa = PBXGroup;
			children = (
				E76C126D2ACB4E5300024161 /* EmojiCollectionViewCell.swift */,
				E76C126F2ACB4E6000024161 /* ColorsCollectionViewCell.swift */,
			);
			path = ColorsAndEmojiCollectionCell;
			sourceTree = "<group>";
		};
		E72C334E2B0E9E5F00FDF76B /* Localizable */ = {
			isa = PBXGroup;
			children = (
				E72C33512B0EA03D00FDF76B /* Localizable.stringsdict */,
				E72C33542B0EA04D00FDF76B /* Localizable.strings */,
				E72C334C2B0E9D4800FDF76B /* LocalizableStringKeys.swift */,
			);
			path = Localizable;
			sourceTree = "<group>";
		};
		E72CCE2A2B126CE400B90B58 /* Statistic */ = {
			isa = PBXGroup;
			children = (
				E76C12632ACB4E1200024161 /* StatisticViewController.swift */,
				E72CCE2B2B126D3700B90B58 /* StatisticCell.swift */,
				E72CCE2D2B126D6200B90B58 /* StatisticViewModel.swift */,
			);
			path = Statistic;
			sourceTree = "<group>";
		};
		E73198D42B22405B00CDFFAB /* TrackerTests */ = {
			isa = PBXGroup;
			children = (
				E73198D52B22405B00CDFFAB /* TrackerTests.swift */,
			);
			path = TrackerTests;
			sourceTree = "<group>";
		};
		E76C12212ACB499100024161 = {
			isa = PBXGroup;
			children = (
				E76C122C2ACB499100024161 /* Tracker */,
				E73198D42B22405B00CDFFAB /* TrackerTests */,
				E76C122B2ACB499100024161 /* Products */,
				6636FF42E791ED75791EE1B7 /* Pods */,
				AEEFAD381F85144E8A2ED238 /* Frameworks */,
			);
			sourceTree = "<group>";
		};
		E76C122B2ACB499100024161 /* Products */ = {
			isa = PBXGroup;
			children = (
				E76C122A2ACB499100024161 /* Tracker.app */,
				E73198D32B22405B00CDFFAB /* TrackerTests.xctest */,
			);
			name = Products;
			sourceTree = "<group>";
		};
		E76C122C2ACB499100024161 /* Tracker */ = {
			isa = PBXGroup;
			children = (
				E76C12942ACC7A4500024161 /* DataModel.xcdatamodeld */,
				E76C123B2ACB499200024161 /* Info.plist */,
				E76C12482ACB4B3800024161 /* Presenter */,
				E76C12472ACB4B3400024161 /* Resources */,
				E76C12452ACB4B2E00024161 /* Models */,
				E76C12972ACDF7EC00024161 /* ModelCoreData */,
				E72C33492B0E525B00FDF76B /* ColorsAndEmojiCollectionCell */,
				E76C12462ACB4B3100024161 /* Tracker */,
				E76C12432ACB4B2900024161 /* NewHabitEvent */,
				E72523C12AEA96C700612BA5 /* CategoryViewController */,
				E76C12442ACB4B2B00024161 /* TrackersSheduleViewController */,
				E72CCE2A2B126CE400B90B58 /* Statistic */,
				E76C12422ACB4B2700024161 /* Onboarding */,
				E72C334E2B0E9E5F00FDF76B /* Localizable */,
				E76C12652ACB4E2000024161 /* TabBarController.swift */,
				E76C126B2ACB4E4700024161 /* TrackerHeader.swift */,
			);
			path = Tracker;
			sourceTree = "<group>";
		};
		E76C12422ACB4B2700024161 /* Onboarding */ = {
			isa = PBXGroup;
			children = (
				E72523BE2AE8459000612BA5 /* OnboardingViewController.swift */,
				E72C33412B0BFE0500FDF76B /* OnboardingPageViewController.swift */,
			);
			path = Onboarding;
			sourceTree = "<group>";
		};
		E76C12432ACB4B2900024161 /* NewHabitEvent */ = {
			isa = PBXGroup;
			children = (
				E76C12512ACB4C8C00024161 /* NewHabitViewController.swift */,
				E76C12672ACB4E2C00024161 /* NewEventViewController.swift */,
			);
			path = NewHabitEvent;
			sourceTree = "<group>";
		};
		E76C12442ACB4B2B00024161 /* TrackersSheduleViewController */ = {
			isa = PBXGroup;
			children = (
				E76C125F2ACB4D4000024161 /* TrackersSheduleViewController.swift */,
				E76C12612ACB4D5700024161 /* TrackerScheduleTableView.swift */,
			);
			path = TrackersSheduleViewController;
			sourceTree = "<group>";
		};
		E76C12452ACB4B2E00024161 /* Models */ = {
			isa = PBXGroup;
			children = (
				E76C12572ACB4CDE00024161 /* TrackerCategory.swift */,
				E76C12592ACB4CFA00024161 /* Tracker.swift */,
				E76C125B2ACB4D0F00024161 /* TrackerRecord.swift */,
				E76C125D2ACB4D2200024161 /* TrackerCellViewModel.swift */,
			);
			path = Models;
			sourceTree = "<group>";
		};
		E76C12462ACB4B3100024161 /* Tracker */ = {
			isa = PBXGroup;
			children = (
				E76C124B2ACB4C3200024161 /* TrackerViewController.swift */,
				E76C12492ACB4C1700024161 /* TrackerCell.swift */,
				E76C124D2ACB4C4A00024161 /* TrackerCreator.swift */,
				E72CCE282B102A6300B90B58 /* FilterViewController.swift */,
			);
			path = Tracker;
			sourceTree = "<group>";
		};
		E76C12472ACB4B3400024161 /* Resources */ = {
			isa = PBXGroup;
			children = (
				E76C12332ACB499100024161 /* Main.storyboard */,
				E76C12362ACB499200024161 /* Assets.xcassets */,
				E76C12382ACB499200024161 /* LaunchScreen.storyboard */,
				E731984C2B16BDCA00CDFFAB /* Colors.swift */,
				E73198522B1D51FA00CDFFAB /* Extention.swift */,
			);
			path = Resources;
			sourceTree = "<group>";
		};
		E76C12482ACB4B3800024161 /* Presenter */ = {
			isa = PBXGroup;
			children = (
				E76C122D2ACB499100024161 /* AppDelegate.swift */,
				E76C122F2ACB499100024161 /* SceneDelegate.swift */,
				E731984A2B16BA7D00CDFFAB /* AnalyticsService.swift */,
			);
			path = Presenter;
			sourceTree = "<group>";
		};
		E76C12972ACDF7EC00024161 /* ModelCoreData */ = {
			isa = PBXGroup;
			children = (
				E76C129B2ACDF81E00024161 /* TrackerStore.swift */,
				E76C129D2ACDF83200024161 /* TrackerCategoryStore.swift */,
				E76C129F2ACDF83E00024161 /* TrackerRecordStore.swift */,
				E76C12A12ACF373300024161 /* UIColorMarshalling.swift */,
				E76C12A32ACF43BC00024161 /* ScheduleMarshalling.swift */,
			);
			path = ModelCoreData;
			sourceTree = "<group>";
		};
/* End PBXGroup section */

/* Begin PBXNativeTarget section */
		E73198D22B22405B00CDFFAB /* TrackerTests */ = {
			isa = PBXNativeTarget;
			buildConfigurationList = E73198D92B22405B00CDFFAB /* Build configuration list for PBXNativeTarget "TrackerTests" */;
			buildPhases = (
				E73198CF2B22405B00CDFFAB /* Sources */,
				E73198D02B22405B00CDFFAB /* Frameworks */,
				E73198D12B22405B00CDFFAB /* Resources */,
			);
			buildRules = (
			);
			dependencies = (
				E73198D82B22405B00CDFFAB /* PBXTargetDependency */,
			);
			name = TrackerTests;
			packageProductDependencies = (
				E73198DD2B22407E00CDFFAB /* InlineSnapshotTesting */,
				E73198DF2B22407E00CDFFAB /* SnapshotTesting */,
			);
			productName = TrackerTests;
			productReference = E73198D32B22405B00CDFFAB /* TrackerTests.xctest */;
			productType = "com.apple.product-type.bundle.unit-test";
		};
		E76C12292ACB499100024161 /* Tracker */ = {
			isa = PBXNativeTarget;
			buildConfigurationList = E76C123E2ACB499200024161 /* Build configuration list for PBXNativeTarget "Tracker" */;
			buildPhases = (
				9FB2BEDF12C9230EE3AC3ABB /* [CP] Check Pods Manifest.lock */,
				E76C12262ACB499100024161 /* Sources */,
				E76C12272ACB499100024161 /* Frameworks */,
				E76C12282ACB499100024161 /* Resources */,
				4F74149022665477A82580BD /* [CP] Embed Pods Frameworks */,
			);
			buildRules = (
			);
			dependencies = (
			);
			name = Tracker;
			packageProductDependencies = (
			);
			productName = Tracker;
			productReference = E76C122A2ACB499100024161 /* Tracker.app */;
			productType = "com.apple.product-type.application";
		};
/* End PBXNativeTarget section */

/* Begin PBXProject section */
		E76C12222ACB499100024161 /* Project object */ = {
			isa = PBXProject;
			attributes = {
				BuildIndependentTargetsInParallel = 1;
				LastSwiftUpdateCheck = 1430;
				LastUpgradeCheck = 1430;
				TargetAttributes = {
					E73198D22B22405B00CDFFAB = {
						CreatedOnToolsVersion = 14.3;
						TestTargetID = E76C12292ACB499100024161;
					};
					E76C12292ACB499100024161 = {
						CreatedOnToolsVersion = 14.3;
					};
				};
			};
			buildConfigurationList = E76C12252ACB499100024161 /* Build configuration list for PBXProject "Tracker" */;
			compatibilityVersion = "Xcode 14.0";
			developmentRegion = ru;
			hasScannedForEncodings = 0;
			knownRegions = (
				en,
				Base,
				ru,
			);
			mainGroup = E76C12212ACB499100024161;
			packageReferences = (
				E73198DC2B22407E00CDFFAB /* XCRemoteSwiftPackageReference "swift-snapshot-testing" */,
			);
			productRefGroup = E76C122B2ACB499100024161 /* Products */;
			projectDirPath = "";
			projectRoot = "";
			targets = (
				E76C12292ACB499100024161 /* Tracker */,
				E73198D22B22405B00CDFFAB /* TrackerTests */,
			);
		};
/* End PBXProject section */

/* Begin PBXResourcesBuildPhase section */
		E73198D12B22405B00CDFFAB /* Resources */ = {
			isa = PBXResourcesBuildPhase;
			buildActionMask = 2147483647;
			files = (
			);
			runOnlyForDeploymentPostprocessing = 0;
		};
		E76C12282ACB499100024161 /* Resources */ = {
			isa = PBXResourcesBuildPhase;
			buildActionMask = 2147483647;
			files = (
				E72C33522B0EA04D00FDF76B /* Localizable.strings in Resources */,
				E76C123A2ACB499200024161 /* LaunchScreen.storyboard in Resources */,
				E72C334F2B0EA03D00FDF76B /* Localizable.stringsdict in Resources */,
				E76C12372ACB499200024161 /* Assets.xcassets in Resources */,
				E76C12352ACB499100024161 /* Main.storyboard in Resources */,
			);
			runOnlyForDeploymentPostprocessing = 0;
		};
/* End PBXResourcesBuildPhase section */

/* Begin PBXShellScriptBuildPhase section */
		4F74149022665477A82580BD /* [CP] Embed Pods Frameworks */ = {
			isa = PBXShellScriptBuildPhase;
			buildActionMask = 2147483647;
			files = (
			);
			inputFileListPaths = (
				"${PODS_ROOT}/Target Support Files/Pods-Tracker/Pods-Tracker-frameworks-${CONFIGURATION}-input-files.xcfilelist",
			);
			name = "[CP] Embed Pods Frameworks";
			outputFileListPaths = (
				"${PODS_ROOT}/Target Support Files/Pods-Tracker/Pods-Tracker-frameworks-${CONFIGURATION}-output-files.xcfilelist",
			);
			runOnlyForDeploymentPostprocessing = 0;
			shellPath = /bin/sh;
			shellScript = "\"${PODS_ROOT}/Target Support Files/Pods-Tracker/Pods-Tracker-frameworks.sh\"\n";
			showEnvVarsInLog = 0;
		};
		9FB2BEDF12C9230EE3AC3ABB /* [CP] Check Pods Manifest.lock */ = {
			isa = PBXShellScriptBuildPhase;
			buildActionMask = 2147483647;
			files = (
			);
			inputFileListPaths = (
			);
			inputPaths = (
				"${PODS_PODFILE_DIR_PATH}/Podfile.lock",
				"${PODS_ROOT}/Manifest.lock",
			);
			name = "[CP] Check Pods Manifest.lock";
			outputFileListPaths = (
			);
			outputPaths = (
				"$(DERIVED_FILE_DIR)/Pods-Tracker-checkManifestLockResult.txt",
			);
			runOnlyForDeploymentPostprocessing = 0;
			shellPath = /bin/sh;
			shellScript = "diff \"${PODS_PODFILE_DIR_PATH}/Podfile.lock\" \"${PODS_ROOT}/Manifest.lock\" > /dev/null\nif [ $? != 0 ] ; then\n    # print error to STDERR\n    echo \"error: The sandbox is not in sync with the Podfile.lock. Run 'pod install' or update your CocoaPods installation.\" >&2\n    exit 1\nfi\n# This output is used by Xcode 'outputs' to avoid re-running this script phase.\necho \"SUCCESS\" > \"${SCRIPT_OUTPUT_FILE_0}\"\n";
			showEnvVarsInLog = 0;
		};
/* End PBXShellScriptBuildPhase section */

/* Begin PBXSourcesBuildPhase section */
		E73198CF2B22405B00CDFFAB /* Sources */ = {
			isa = PBXSourcesBuildPhase;
			buildActionMask = 2147483647;
			files = (
				E73198D62B22405B00CDFFAB /* TrackerTests.swift in Sources */,
			);
			runOnlyForDeploymentPostprocessing = 0;
		};
		E76C12262ACB499100024161 /* Sources */ = {
			isa = PBXSourcesBuildPhase;
			buildActionMask = 2147483647;
			files = (
				E76C12622ACB4D5700024161 /* TrackerScheduleTableView.swift in Sources */,
				E731984D2B16BDCA00CDFFAB /* Colors.swift in Sources */,
				E76C122E2ACB499100024161 /* AppDelegate.swift in Sources */,
				E76C126A2ACB4E3900024161 /* CategoryViewController.swift in Sources */,
				E76C12522ACB4C8C00024161 /* NewHabitViewController.swift in Sources */,
				E76C12A02ACDF83E00024161 /* TrackerRecordStore.swift in Sources */,
				E76C12682ACB4E2C00024161 /* NewEventViewController.swift in Sources */,
				E76C124C2ACB4C3200024161 /* TrackerViewController.swift in Sources */,
				E76C126E2ACB4E5300024161 /* EmojiCollectionViewCell.swift in Sources */,
				E76C12582ACB4CDE00024161 /* TrackerCategory.swift in Sources */,
				E72C33422B0BFE0500FDF76B /* OnboardingPageViewController.swift in Sources */,
				E76C12662ACB4E2000024161 /* TabBarController.swift in Sources */,
				E72523BF2AE8459000612BA5 /* OnboardingViewController.swift in Sources */,
				E76C125C2ACB4D0F00024161 /* TrackerRecord.swift in Sources */,
				E76C12702ACB4E6000024161 /* ColorsCollectionViewCell.swift in Sources */,
				E76C129C2ACDF81E00024161 /* TrackerStore.swift in Sources */,
				E76C12A42ACF43BC00024161 /* ScheduleMarshalling.swift in Sources */,
				E76C125E2ACB4D2200024161 /* TrackerCellViewModel.swift in Sources */,
				E76C125A2ACB4CFB00024161 /* Tracker.swift in Sources */,
				E72C334D2B0E9D4800FDF76B /* LocalizableStringKeys.swift in Sources */,
				E72CCE2C2B126D3700B90B58 /* StatisticCell.swift in Sources */,
				E76C129E2ACDF83200024161 /* TrackerCategoryStore.swift in Sources */,
				E76C12602ACB4D4000024161 /* TrackersSheduleViewController.swift in Sources */,
				E76C124A2ACB4C1800024161 /* TrackerCell.swift in Sources */,
				E76C12962ACC7A4500024161 /* DataModel.xcdatamodeld in Sources */,
				E73198532B1D51FA00CDFFAB /* Extention.swift in Sources */,
				E76C12302ACB499100024161 /* SceneDelegate.swift in Sources */,
				E72523C52AEA97B100612BA5 /* CategoryViewControllerModel.swift in Sources */,
				E731984B2B16BA7D00CDFFAB /* AnalyticsService.swift in Sources */,
				E76C124E2ACB4C4A00024161 /* TrackerCreator.swift in Sources */,
				E72CCE292B102A6300B90B58 /* FilterViewController.swift in Sources */,
				E76C12642ACB4E1200024161 /* StatisticViewController.swift in Sources */,
				E72C33442B0C009B00FDF76B /* TrackerCategoryCell.swift in Sources */,
				E72523C32AEA977B00612BA5 /* CreateCategoryViewController.swift in Sources */,
				E72CCE2E2B126D6200B90B58 /* StatisticViewModel.swift in Sources */,
				E76C12A22ACF373300024161 /* UIColorMarshalling.swift in Sources */,
				E76C126C2ACB4E4700024161 /* TrackerHeader.swift in Sources */,
			);
			runOnlyForDeploymentPostprocessing = 0;
		};
/* End PBXSourcesBuildPhase section */

/* Begin PBXTargetDependency section */
		E73198D82B22405B00CDFFAB /* PBXTargetDependency */ = {
			isa = PBXTargetDependency;
			target = E76C12292ACB499100024161 /* Tracker */;
			targetProxy = E73198D72B22405B00CDFFAB /* PBXContainerItemProxy */;
		};
/* End PBXTargetDependency section */

/* Begin PBXVariantGroup section */
		E72C33512B0EA03D00FDF76B /* Localizable.stringsdict */ = {
			isa = PBXVariantGroup;
			children = (
				E72C33502B0EA03D00FDF76B /* en */,
				E72C33572B0EA11900FDF76B /* ru */,
			);
			name = Localizable.stringsdict;
			sourceTree = "<group>";
		};
		E72C33542B0EA04D00FDF76B /* Localizable.strings */ = {
			isa = PBXVariantGroup;
			children = (
				E72C33532B0EA04D00FDF76B /* en */,
				E72C33582B0EA11900FDF76B /* ru */,
			);
			name = Localizable.strings;
			sourceTree = "<group>";
		};
		E76C12332ACB499100024161 /* Main.storyboard */ = {
			isa = PBXVariantGroup;
			children = (
				E76C12342ACB499100024161 /* Base */,
				E72CCE262B0EA29C00B90B58 /* en */,
			);
			name = Main.storyboard;
			sourceTree = "<group>";
		};
		E76C12382ACB499200024161 /* LaunchScreen.storyboard */ = {
			isa = PBXVariantGroup;
			children = (
				E76C12392ACB499200024161 /* Base */,
				E72CCE272B0EA29C00B90B58 /* en */,
			);
			name = LaunchScreen.storyboard;
			sourceTree = "<group>";
		};
/* End PBXVariantGroup section */

/* Begin XCBuildConfiguration section */
		E73198DA2B22405B00CDFFAB /* Debug */ = {
			isa = XCBuildConfiguration;
			buildSettings = {
				BUNDLE_LOADER = "$(TEST_HOST)";
				CODE_SIGN_STYLE = Automatic;
				CURRENT_PROJECT_VERSION = 1;
				DEVELOPMENT_TEAM = 796BR85JD4;
				GENERATE_INFOPLIST_FILE = YES;
				MARKETING_VERSION = 1.0;
				PRODUCT_BUNDLE_IDENTIFIER = com.AndreyAslanov.TrackerTests;
				PRODUCT_NAME = "$(TARGET_NAME)";
				SWIFT_EMIT_LOC_STRINGS = NO;
				SWIFT_VERSION = 5.0;
				TARGETED_DEVICE_FAMILY = "1,2";
				TEST_HOST = "$(BUILT_PRODUCTS_DIR)/Tracker.app/$(BUNDLE_EXECUTABLE_FOLDER_PATH)/Tracker";
			};
			name = Debug;
		};
		E73198DB2B22405B00CDFFAB /* Release */ = {
			isa = XCBuildConfiguration;
			buildSettings = {
				BUNDLE_LOADER = "$(TEST_HOST)";
				CODE_SIGN_STYLE = Automatic;
				CURRENT_PROJECT_VERSION = 1;
				DEVELOPMENT_TEAM = 796BR85JD4;
				GENERATE_INFOPLIST_FILE = YES;
				MARKETING_VERSION = 1.0;
				PRODUCT_BUNDLE_IDENTIFIER = com.AndreyAslanov.TrackerTests;
				PRODUCT_NAME = "$(TARGET_NAME)";
				SWIFT_EMIT_LOC_STRINGS = NO;
				SWIFT_VERSION = 5.0;
				TARGETED_DEVICE_FAMILY = "1,2";
				TEST_HOST = "$(BUILT_PRODUCTS_DIR)/Tracker.app/$(BUNDLE_EXECUTABLE_FOLDER_PATH)/Tracker";
			};
			name = Release;
		};
		E76C123C2ACB499200024161 /* Debug */ = {
			isa = XCBuildConfiguration;
			buildSettings = {
				ALWAYS_SEARCH_USER_PATHS = NO;
				CLANG_ANALYZER_LOCALIZABILITY_NONLOCALIZED = YES;
				CLANG_ANALYZER_NONNULL = YES;
				CLANG_ANALYZER_NUMBER_OBJECT_CONVERSION = YES_AGGRESSIVE;
				CLANG_CXX_LANGUAGE_STANDARD = "gnu++20";
				CLANG_ENABLE_MODULES = YES;
				CLANG_ENABLE_OBJC_ARC = YES;
				CLANG_ENABLE_OBJC_WEAK = YES;
				CLANG_WARN_BLOCK_CAPTURE_AUTORELEASING = YES;
				CLANG_WARN_BOOL_CONVERSION = YES;
				CLANG_WARN_COMMA = YES;
				CLANG_WARN_CONSTANT_CONVERSION = YES;
				CLANG_WARN_DEPRECATED_OBJC_IMPLEMENTATIONS = YES;
				CLANG_WARN_DIRECT_OBJC_ISA_USAGE = YES_ERROR;
				CLANG_WARN_DOCUMENTATION_COMMENTS = YES;
				CLANG_WARN_EMPTY_BODY = YES;
				CLANG_WARN_ENUM_CONVERSION = YES;
				CLANG_WARN_INFINITE_RECURSION = YES;
				CLANG_WARN_INT_CONVERSION = YES;
				CLANG_WARN_NON_LITERAL_NULL_CONVERSION = YES;
				CLANG_WARN_OBJC_IMPLICIT_RETAIN_SELF = YES;
				CLANG_WARN_OBJC_LITERAL_CONVERSION = YES;
				CLANG_WARN_OBJC_ROOT_CLASS = YES_ERROR;
				CLANG_WARN_QUOTED_INCLUDE_IN_FRAMEWORK_HEADER = YES;
				CLANG_WARN_RANGE_LOOP_ANALYSIS = YES;
				CLANG_WARN_STRICT_PROTOTYPES = YES;
				CLANG_WARN_SUSPICIOUS_MOVE = YES;
				CLANG_WARN_UNGUARDED_AVAILABILITY = YES_AGGRESSIVE;
				CLANG_WARN_UNREACHABLE_CODE = YES;
				CLANG_WARN__DUPLICATE_METHOD_MATCH = YES;
				COPY_PHASE_STRIP = NO;
				DEBUG_INFORMATION_FORMAT = dwarf;
				ENABLE_STRICT_OBJC_MSGSEND = YES;
				ENABLE_TESTABILITY = YES;
				GCC_C_LANGUAGE_STANDARD = gnu11;
				GCC_DYNAMIC_NO_PIC = NO;
				GCC_NO_COMMON_BLOCKS = YES;
				GCC_OPTIMIZATION_LEVEL = 0;
				GCC_PREPROCESSOR_DEFINITIONS = (
					"DEBUG=1",
					"$(inherited)",
				);
				GCC_WARN_64_TO_32_BIT_CONVERSION = YES;
				GCC_WARN_ABOUT_RETURN_TYPE = YES_ERROR;
				GCC_WARN_UNDECLARED_SELECTOR = YES;
				GCC_WARN_UNINITIALIZED_AUTOS = YES_AGGRESSIVE;
				GCC_WARN_UNUSED_FUNCTION = YES;
				GCC_WARN_UNUSED_VARIABLE = YES;
				IPHONEOS_DEPLOYMENT_TARGET = 16.4;
				MTL_ENABLE_DEBUG_INFO = INCLUDE_SOURCE;
				MTL_FAST_MATH = YES;
				ONLY_ACTIVE_ARCH = YES;
				SDKROOT = iphoneos;
				SWIFT_ACTIVE_COMPILATION_CONDITIONS = DEBUG;
				SWIFT_OPTIMIZATION_LEVEL = "-Onone";
			};
			name = Debug;
		};
		E76C123D2ACB499200024161 /* Release */ = {
			isa = XCBuildConfiguration;
			buildSettings = {
				ALWAYS_SEARCH_USER_PATHS = NO;
				CLANG_ANALYZER_LOCALIZABILITY_NONLOCALIZED = YES;
				CLANG_ANALYZER_NONNULL = YES;
				CLANG_ANALYZER_NUMBER_OBJECT_CONVERSION = YES_AGGRESSIVE;
				CLANG_CXX_LANGUAGE_STANDARD = "gnu++20";
				CLANG_ENABLE_MODULES = YES;
				CLANG_ENABLE_OBJC_ARC = YES;
				CLANG_ENABLE_OBJC_WEAK = YES;
				CLANG_WARN_BLOCK_CAPTURE_AUTORELEASING = YES;
				CLANG_WARN_BOOL_CONVERSION = YES;
				CLANG_WARN_COMMA = YES;
				CLANG_WARN_CONSTANT_CONVERSION = YES;
				CLANG_WARN_DEPRECATED_OBJC_IMPLEMENTATIONS = YES;
				CLANG_WARN_DIRECT_OBJC_ISA_USAGE = YES_ERROR;
				CLANG_WARN_DOCUMENTATION_COMMENTS = YES;
				CLANG_WARN_EMPTY_BODY = YES;
				CLANG_WARN_ENUM_CONVERSION = YES;
				CLANG_WARN_INFINITE_RECURSION = YES;
				CLANG_WARN_INT_CONVERSION = YES;
				CLANG_WARN_NON_LITERAL_NULL_CONVERSION = YES;
				CLANG_WARN_OBJC_IMPLICIT_RETAIN_SELF = YES;
				CLANG_WARN_OBJC_LITERAL_CONVERSION = YES;
				CLANG_WARN_OBJC_ROOT_CLASS = YES_ERROR;
				CLANG_WARN_QUOTED_INCLUDE_IN_FRAMEWORK_HEADER = YES;
				CLANG_WARN_RANGE_LOOP_ANALYSIS = YES;
				CLANG_WARN_STRICT_PROTOTYPES = YES;
				CLANG_WARN_SUSPICIOUS_MOVE = YES;
				CLANG_WARN_UNGUARDED_AVAILABILITY = YES_AGGRESSIVE;
				CLANG_WARN_UNREACHABLE_CODE = YES;
				CLANG_WARN__DUPLICATE_METHOD_MATCH = YES;
				COPY_PHASE_STRIP = NO;
				DEBUG_INFORMATION_FORMAT = "dwarf-with-dsym";
				ENABLE_NS_ASSERTIONS = NO;
				ENABLE_STRICT_OBJC_MSGSEND = YES;
				GCC_C_LANGUAGE_STANDARD = gnu11;
				GCC_NO_COMMON_BLOCKS = YES;
				GCC_WARN_64_TO_32_BIT_CONVERSION = YES;
				GCC_WARN_ABOUT_RETURN_TYPE = YES_ERROR;
				GCC_WARN_UNDECLARED_SELECTOR = YES;
				GCC_WARN_UNINITIALIZED_AUTOS = YES_AGGRESSIVE;
				GCC_WARN_UNUSED_FUNCTION = YES;
				GCC_WARN_UNUSED_VARIABLE = YES;
				IPHONEOS_DEPLOYMENT_TARGET = 16.4;
				MTL_ENABLE_DEBUG_INFO = NO;
				MTL_FAST_MATH = YES;
				SDKROOT = iphoneos;
				SWIFT_COMPILATION_MODE = wholemodule;
				SWIFT_OPTIMIZATION_LEVEL = "-O";
				VALIDATE_PRODUCT = YES;
			};
			name = Release;
		};
		E76C123F2ACB499200024161 /* Debug */ = {
			isa = XCBuildConfiguration;
			baseConfigurationReference = D655214C0E6F723FA18504FC /* Pods-Tracker.debug.xcconfig */;
			buildSettings = {
				ASSETCATALOG_COMPILER_APPICON_NAME = AppIcon;
				ASSETCATALOG_COMPILER_GLOBAL_ACCENT_COLOR_NAME = AccentColor;
				CODE_SIGN_STYLE = Automatic;
				CURRENT_PROJECT_VERSION = 1;
				DEVELOPMENT_TEAM = 796BR85JD4;
				GENERATE_INFOPLIST_FILE = YES;
				INFOPLIST_FILE = Tracker/Info.plist;
				INFOPLIST_KEY_UIApplicationSupportsIndirectInputEvents = YES;
				INFOPLIST_KEY_UILaunchStoryboardName = LaunchScreen;
				INFOPLIST_KEY_UIMainStoryboardFile = Main;
				INFOPLIST_KEY_UISupportedInterfaceOrientations = UIInterfaceOrientationPortrait;
				INFOPLIST_KEY_UISupportedInterfaceOrientations_iPad = "UIInterfaceOrientationLandscapeLeft UIInterfaceOrientationLandscapeRight UIInterfaceOrientationPortrait UIInterfaceOrientationPortraitUpsideDown";
				IPHONEOS_DEPLOYMENT_TARGET = 13.4;
				LD_RUNPATH_SEARCH_PATHS = (
					"$(inherited)",
					"@executable_path/Frameworks",
				);
				MARKETING_VERSION = 1.0;
				PRODUCT_BUNDLE_IDENTIFIER = com.AndreyAslanov.Tracker;
				PRODUCT_NAME = "$(TARGET_NAME)";
				SUPPORTED_PLATFORMS = "iphoneos iphonesimulator";
				SUPPORTS_MACCATALYST = NO;
				SUPPORTS_MAC_DESIGNED_FOR_IPHONE_IPAD = NO;
				SWIFT_EMIT_LOC_STRINGS = YES;
				SWIFT_VERSION = 5.0;
				TARGETED_DEVICE_FAMILY = 1;
			};
			name = Debug;
		};
		E76C12402ACB499200024161 /* Release */ = {
			isa = XCBuildConfiguration;
			baseConfigurationReference = B5092989B5BD12474B58A119 /* Pods-Tracker.release.xcconfig */;
			buildSettings = {
				ASSETCATALOG_COMPILER_APPICON_NAME = AppIcon;
				ASSETCATALOG_COMPILER_GLOBAL_ACCENT_COLOR_NAME = AccentColor;
				CODE_SIGN_STYLE = Automatic;
				CURRENT_PROJECT_VERSION = 1;
				DEVELOPMENT_TEAM = 796BR85JD4;
				GENERATE_INFOPLIST_FILE = YES;
				INFOPLIST_FILE = Tracker/Info.plist;
				INFOPLIST_KEY_UIApplicationSupportsIndirectInputEvents = YES;
				INFOPLIST_KEY_UILaunchStoryboardName = LaunchScreen;
				INFOPLIST_KEY_UIMainStoryboardFile = Main;
				INFOPLIST_KEY_UISupportedInterfaceOrientations = UIInterfaceOrientationPortrait;
				INFOPLIST_KEY_UISupportedInterfaceOrientations_iPad = "UIInterfaceOrientationLandscapeLeft UIInterfaceOrientationLandscapeRight UIInterfaceOrientationPortrait UIInterfaceOrientationPortraitUpsideDown";
				IPHONEOS_DEPLOYMENT_TARGET = 13.4;
				LD_RUNPATH_SEARCH_PATHS = (
					"$(inherited)",
					"@executable_path/Frameworks",
				);
				MARKETING_VERSION = 1.0;
				PRODUCT_BUNDLE_IDENTIFIER = com.AndreyAslanov.Tracker;
				PRODUCT_NAME = "$(TARGET_NAME)";
				SUPPORTED_PLATFORMS = "iphoneos iphonesimulator";
				SUPPORTS_MACCATALYST = NO;
				SUPPORTS_MAC_DESIGNED_FOR_IPHONE_IPAD = NO;
				SWIFT_EMIT_LOC_STRINGS = YES;
				SWIFT_VERSION = 5.0;
				TARGETED_DEVICE_FAMILY = 1;
			};
			name = Release;
		};
/* End XCBuildConfiguration section */

/* Begin XCConfigurationList section */
		E73198D92B22405B00CDFFAB /* Build configuration list for PBXNativeTarget "TrackerTests" */ = {
			isa = XCConfigurationList;
			buildConfigurations = (
				E73198DA2B22405B00CDFFAB /* Debug */,
				E73198DB2B22405B00CDFFAB /* Release */,
			);
			defaultConfigurationIsVisible = 0;
			defaultConfigurationName = Release;
		};
		E76C12252ACB499100024161 /* Build configuration list for PBXProject "Tracker" */ = {
			isa = XCConfigurationList;
			buildConfigurations = (
				E76C123C2ACB499200024161 /* Debug */,
				E76C123D2ACB499200024161 /* Release */,
			);
			defaultConfigurationIsVisible = 0;
			defaultConfigurationName = Release;
		};
		E76C123E2ACB499200024161 /* Build configuration list for PBXNativeTarget "Tracker" */ = {
			isa = XCConfigurationList;
			buildConfigurations = (
				E76C123F2ACB499200024161 /* Debug */,
				E76C12402ACB499200024161 /* Release */,
			);
			defaultConfigurationIsVisible = 0;
			defaultConfigurationName = Release;
		};
/* End XCConfigurationList section */

/* Begin XCRemoteSwiftPackageReference section */
		E73198DC2B22407E00CDFFAB /* XCRemoteSwiftPackageReference "swift-snapshot-testing" */ = {
			isa = XCRemoteSwiftPackageReference;
			repositoryURL = "https://github.com/pointfreeco/swift-snapshot-testing";
			requirement = {
				kind = upToNextMajorVersion;
				minimumVersion = 1.0.0;
			};
		};
/* End XCRemoteSwiftPackageReference section */

/* Begin XCSwiftPackageProductDependency section */
		E73198DD2B22407E00CDFFAB /* InlineSnapshotTesting */ = {
			isa = XCSwiftPackageProductDependency;
			package = E73198DC2B22407E00CDFFAB /* XCRemoteSwiftPackageReference "swift-snapshot-testing" */;
			productName = InlineSnapshotTesting;
		};
		E73198DF2B22407E00CDFFAB /* SnapshotTesting */ = {
			isa = XCSwiftPackageProductDependency;
			package = E73198DC2B22407E00CDFFAB /* XCRemoteSwiftPackageReference "swift-snapshot-testing" */;
			productName = SnapshotTesting;
		};
/* End XCSwiftPackageProductDependency section */

/* Begin XCVersionGroup section */
		E76C12942ACC7A4500024161 /* DataModel.xcdatamodeld */ = {
			isa = XCVersionGroup;
			children = (
				E76C12952ACC7A4500024161 /* Tracker.xcdatamodel */,
			);
			currentVersion = E76C12952ACC7A4500024161 /* Tracker.xcdatamodel */;
			path = DataModel.xcdatamodeld;
			sourceTree = "<group>";
			versionGroupType = wrapper.xcdatamodel;
		};
/* End XCVersionGroup section */
	};
	rootObject = E76C12222ACB499100024161 /* Project object */;
}
