// !$*UTF8*$!
{
	archiveVersion = 1;
	classes = {
	};
	objectVersion = 56;
	objects = {

/* Begin PBXBuildFile section */
		E72523BF2AE8459000612BA5 /* OnboardingViewController.swift in Sources */ = {isa = PBXBuildFile; fileRef = E72523BE2AE8459000612BA5 /* OnboardingViewController.swift */; };
		E72523C32AEA977B00612BA5 /* CreateCategoryViewController.swift in Sources */ = {isa = PBXBuildFile; fileRef = E72523C22AEA977B00612BA5 /* CreateCategoryViewController.swift */; };
		E72523C52AEA97B100612BA5 /* CategoryViewControllerModel.swift in Sources */ = {isa = PBXBuildFile; fileRef = E72523C42AEA97B100612BA5 /* CategoryViewControllerModel.swift */; };
		E76C122E2ACB499100024161 /* AppDelegate.swift in Sources */ = {isa = PBXBuildFile; fileRef = E76C122D2ACB499100024161 /* AppDelegate.swift */; };
		E76C12302ACB499100024161 /* SceneDelegate.swift in Sources */ = {isa = PBXBuildFile; fileRef = E76C122F2ACB499100024161 /* SceneDelegate.swift */; };
		E76C12352ACB499100024161 /* Main.storyboard in Resources */ = {isa = PBXBuildFile; fileRef = E76C12332ACB499100024161 /* Main.storyboard */; };
		E76C12372ACB499200024161 /* Assets.xcassets in Resources */ = {isa = PBXBuildFile; fileRef = E76C12362ACB499200024161 /* Assets.xcassets */; };
		E76C123A2ACB499200024161 /* LaunchScreen.storyboard in Resources */ = {isa = PBXBuildFile; fileRef = E76C12382ACB499200024161 /* LaunchScreen.storyboard */; };
		E76C124A2ACB4C1800024161 /* TrackerCell.swift in Sources */ = {isa = PBXBuildFile; fileRef = E76C12492ACB4C1700024161 /* TrackerCell.swift */; };
		E76C124C2ACB4C3200024161 /* TrackerViewController.swift in Sources */ = {isa = PBXBuildFile; fileRef = E76C124B2ACB4C3200024161 /* TrackerViewController.swift */; };
		E76C124E2ACB4C4A00024161 /* TrackerCreator.swift in Sources */ = {isa = PBXBuildFile; fileRef = E76C124D2ACB4C4A00024161 /* TrackerCreator.swift */; };
		E76C12522ACB4C8C00024161 /* NewHabitViewController.swift in Sources */ = {isa = PBXBuildFile; fileRef = E76C12512ACB4C8C00024161 /* NewHabitViewController.swift */; };
		E76C12582ACB4CDE00024161 /* TrackerCategory.swift in Sources */ = {isa = PBXBuildFile; fileRef = E76C12572ACB4CDE00024161 /* TrackerCategory.swift */; };
		E76C125A2ACB4CFB00024161 /* Tracker.swift in Sources */ = {isa = PBXBuildFile; fileRef = E76C12592ACB4CFA00024161 /* Tracker.swift */; };
		E76C125C2ACB4D0F00024161 /* TrackerRecord.swift in Sources */ = {isa = PBXBuildFile; fileRef = E76C125B2ACB4D0F00024161 /* TrackerRecord.swift */; };
		E76C125E2ACB4D2200024161 /* TrackerCellViewModel.swift in Sources */ = {isa = PBXBuildFile; fileRef = E76C125D2ACB4D2200024161 /* TrackerCellViewModel.swift */; };
		E76C12602ACB4D4000024161 /* TrackersSheduleViewController.swift in Sources */ = {isa = PBXBuildFile; fileRef = E76C125F2ACB4D4000024161 /* TrackersSheduleViewController.swift */; };
		E76C12622ACB4D5700024161 /* TrackerScheduleTableView.swift in Sources */ = {isa = PBXBuildFile; fileRef = E76C12612ACB4D5700024161 /* TrackerScheduleTableView.swift */; };
		E76C12642ACB4E1200024161 /* StatisticViewController.swift in Sources */ = {isa = PBXBuildFile; fileRef = E76C12632ACB4E1200024161 /* StatisticViewController.swift */; };
		E76C12662ACB4E2000024161 /* TabBarController.swift in Sources */ = {isa = PBXBuildFile; fileRef = E76C12652ACB4E2000024161 /* TabBarController.swift */; };
		E76C12682ACB4E2C00024161 /* NewEventViewController.swift in Sources */ = {isa = PBXBuildFile; fileRef = E76C12672ACB4E2C00024161 /* NewEventViewController.swift */; };
		E76C126A2ACB4E3900024161 /* CategoryViewController.swift in Sources */ = {isa = PBXBuildFile; fileRef = E76C12692ACB4E3900024161 /* CategoryViewController.swift */; };
		E76C126C2ACB4E4700024161 /* TrackerHeader.swift in Sources */ = {isa = PBXBuildFile; fileRef = E76C126B2ACB4E4700024161 /* TrackerHeader.swift */; };
		E76C126E2ACB4E5300024161 /* EmojiCollectionViewCell.swift in Sources */ = {isa = PBXBuildFile; fileRef = E76C126D2ACB4E5300024161 /* EmojiCollectionViewCell.swift */; };
		E76C12702ACB4E6000024161 /* ColorsCollectionViewCell.swift in Sources */ = {isa = PBXBuildFile; fileRef = E76C126F2ACB4E6000024161 /* ColorsCollectionViewCell.swift */; };
		E76C12962ACC7A4500024161 /* DataModel.xcdatamodeld in Sources */ = {isa = PBXBuildFile; fileRef = E76C12942ACC7A4500024161 /* DataModel.xcdatamodeld */; };
		E76C129C2ACDF81E00024161 /* TrackerStore.swift in Sources */ = {isa = PBXBuildFile; fileRef = E76C129B2ACDF81E00024161 /* TrackerStore.swift */; };
		E76C129E2ACDF83200024161 /* TrackerCategoryStore.swift in Sources */ = {isa = PBXBuildFile; fileRef = E76C129D2ACDF83200024161 /* TrackerCategoryStore.swift */; };
		E76C12A02ACDF83E00024161 /* TrackerRecordStore.swift in Sources */ = {isa = PBXBuildFile; fileRef = E76C129F2ACDF83E00024161 /* TrackerRecordStore.swift */; };
		E76C12A22ACF373300024161 /* UIColorMarshalling.swift in Sources */ = {isa = PBXBuildFile; fileRef = E76C12A12ACF373300024161 /* UIColorMarshalling.swift */; };
		E76C12A42ACF43BC00024161 /* ScheduleMarshalling.swift in Sources */ = {isa = PBXBuildFile; fileRef = E76C12A32ACF43BC00024161 /* ScheduleMarshalling.swift */; };
/* End PBXBuildFile section */

/* Begin PBXFileReference section */
		E72523BE2AE8459000612BA5 /* OnboardingViewController.swift */ = {isa = PBXFileReference; lastKnownFileType = sourcecode.swift; path = OnboardingViewController.swift; sourceTree = "<group>"; };
		E72523C22AEA977B00612BA5 /* CreateCategoryViewController.swift */ = {isa = PBXFileReference; lastKnownFileType = sourcecode.swift; path = CreateCategoryViewController.swift; sourceTree = "<group>"; };
		E72523C42AEA97B100612BA5 /* CategoryViewControllerModel.swift */ = {isa = PBXFileReference; lastKnownFileType = sourcecode.swift; path = CategoryViewControllerModel.swift; sourceTree = "<group>"; };
		E76C122A2ACB499100024161 /* Tracker.app */ = {isa = PBXFileReference; explicitFileType = wrapper.application; includeInIndex = 0; path = Tracker.app; sourceTree = BUILT_PRODUCTS_DIR; };
		E76C122D2ACB499100024161 /* AppDelegate.swift */ = {isa = PBXFileReference; lastKnownFileType = sourcecode.swift; path = AppDelegate.swift; sourceTree = "<group>"; };
		E76C122F2ACB499100024161 /* SceneDelegate.swift */ = {isa = PBXFileReference; lastKnownFileType = sourcecode.swift; path = SceneDelegate.swift; sourceTree = "<group>"; };
		E76C12342ACB499100024161 /* Base */ = {isa = PBXFileReference; lastKnownFileType = file.storyboard; name = Base; path = Base.lproj/Main.storyboard; sourceTree = "<group>"; };
		E76C12362ACB499200024161 /* Assets.xcassets */ = {isa = PBXFileReference; lastKnownFileType = folder.assetcatalog; path = Assets.xcassets; sourceTree = "<group>"; };
		E76C12392ACB499200024161 /* Base */ = {isa = PBXFileReference; lastKnownFileType = file.storyboard; name = Base; path = Base.lproj/LaunchScreen.storyboard; sourceTree = "<group>"; };
		E76C123B2ACB499200024161 /* Info.plist */ = {isa = PBXFileReference; lastKnownFileType = text.plist.xml; path = Info.plist; sourceTree = "<group>"; };
		E76C12492ACB4C1700024161 /* TrackerCell.swift */ = {isa = PBXFileReference; lastKnownFileType = sourcecode.swift; path = TrackerCell.swift; sourceTree = "<group>"; };
		E76C124B2ACB4C3200024161 /* TrackerViewController.swift */ = {isa = PBXFileReference; lastKnownFileType = sourcecode.swift; path = TrackerViewController.swift; sourceTree = "<group>"; };
		E76C124D2ACB4C4A00024161 /* TrackerCreator.swift */ = {isa = PBXFileReference; lastKnownFileType = sourcecode.swift; path = TrackerCreator.swift; sourceTree = "<group>"; };
		E76C12512ACB4C8C00024161 /* NewHabitViewController.swift */ = {isa = PBXFileReference; lastKnownFileType = sourcecode.swift; path = NewHabitViewController.swift; sourceTree = "<group>"; };
		E76C12572ACB4CDE00024161 /* TrackerCategory.swift */ = {isa = PBXFileReference; lastKnownFileType = sourcecode.swift; path = TrackerCategory.swift; sourceTree = "<group>"; };
		E76C12592ACB4CFA00024161 /* Tracker.swift */ = {isa = PBXFileReference; lastKnownFileType = sourcecode.swift; path = Tracker.swift; sourceTree = "<group>"; };
		E76C125B2ACB4D0F00024161 /* TrackerRecord.swift */ = {isa = PBXFileReference; lastKnownFileType = sourcecode.swift; path = TrackerRecord.swift; sourceTree = "<group>"; };
		E76C125D2ACB4D2200024161 /* TrackerCellViewModel.swift */ = {isa = PBXFileReference; lastKnownFileType = sourcecode.swift; path = TrackerCellViewModel.swift; sourceTree = "<group>"; };
		E76C125F2ACB4D4000024161 /* TrackersSheduleViewController.swift */ = {isa = PBXFileReference; lastKnownFileType = sourcecode.swift; path = TrackersSheduleViewController.swift; sourceTree = "<group>"; };
		E76C12612ACB4D5700024161 /* TrackerScheduleTableView.swift */ = {isa = PBXFileReference; lastKnownFileType = sourcecode.swift; path = TrackerScheduleTableView.swift; sourceTree = "<group>"; };
		E76C12632ACB4E1200024161 /* StatisticViewController.swift */ = {isa = PBXFileReference; lastKnownFileType = sourcecode.swift; path = StatisticViewController.swift; sourceTree = "<group>"; };
		E76C12652ACB4E2000024161 /* TabBarController.swift */ = {isa = PBXFileReference; lastKnownFileType = sourcecode.swift; path = TabBarController.swift; sourceTree = "<group>"; };
		E76C12672ACB4E2C00024161 /* NewEventViewController.swift */ = {isa = PBXFileReference; lastKnownFileType = sourcecode.swift; path = NewEventViewController.swift; sourceTree = "<group>"; };
		E76C12692ACB4E3900024161 /* CategoryViewController.swift */ = {isa = PBXFileReference; lastKnownFileType = sourcecode.swift; path = CategoryViewController.swift; sourceTree = "<group>"; };
		E76C126B2ACB4E4700024161 /* TrackerHeader.swift */ = {isa = PBXFileReference; lastKnownFileType = sourcecode.swift; path = TrackerHeader.swift; sourceTree = "<group>"; };
		E76C126D2ACB4E5300024161 /* EmojiCollectionViewCell.swift */ = {isa = PBXFileReference; lastKnownFileType = sourcecode.swift; path = EmojiCollectionViewCell.swift; sourceTree = "<group>"; };
		E76C126F2ACB4E6000024161 /* ColorsCollectionViewCell.swift */ = {isa = PBXFileReference; lastKnownFileType = sourcecode.swift; path = ColorsCollectionViewCell.swift; sourceTree = "<group>"; };
		E76C12952ACC7A4500024161 /* Tracker.xcdatamodel */ = {isa = PBXFileReference; lastKnownFileType = wrapper.xcdatamodel; path = Tracker.xcdatamodel; sourceTree = "<group>"; };
		E76C129B2ACDF81E00024161 /* TrackerStore.swift */ = {isa = PBXFileReference; lastKnownFileType = sourcecode.swift; path = TrackerStore.swift; sourceTree = "<group>"; };
		E76C129D2ACDF83200024161 /* TrackerCategoryStore.swift */ = {isa = PBXFileReference; lastKnownFileType = sourcecode.swift; path = TrackerCategoryStore.swift; sourceTree = "<group>"; };
		E76C129F2ACDF83E00024161 /* TrackerRecordStore.swift */ = {isa = PBXFileReference; lastKnownFileType = sourcecode.swift; path = TrackerRecordStore.swift; sourceTree = "<group>"; };
		E76C12A12ACF373300024161 /* UIColorMarshalling.swift */ = {isa = PBXFileReference; lastKnownFileType = sourcecode.swift; path = UIColorMarshalling.swift; sourceTree = "<group>"; };
		E76C12A32ACF43BC00024161 /* ScheduleMarshalling.swift */ = {isa = PBXFileReference; lastKnownFileType = sourcecode.swift; path = ScheduleMarshalling.swift; sourceTree = "<group>"; };
/* End PBXFileReference section */

/* Begin PBXFrameworksBuildPhase section */
		E76C12272ACB499100024161 /* Frameworks */ = {
			isa = PBXFrameworksBuildPhase;
			buildActionMask = 2147483647;
			files = (
			);
			runOnlyForDeploymentPostprocessing = 0;
		};
/* End PBXFrameworksBuildPhase section */

/* Begin PBXGroup section */
		E72523C12AEA96C700612BA5 /* CategoryViewController */ = {
			isa = PBXGroup;
			children = (
				E76C12692ACB4E3900024161 /* CategoryViewController.swift */,
				E72523C22AEA977B00612BA5 /* CreateCategoryViewController.swift */,
				E72523C42AEA97B100612BA5 /* CategoryViewControllerModel.swift */,
			);
			path = CategoryViewController;
			sourceTree = "<group>";
		};
		E76C12212ACB499100024161 = {
			isa = PBXGroup;
			children = (
				E76C122C2ACB499100024161 /* Tracker */,
				E76C122B2ACB499100024161 /* Products */,
			);
			sourceTree = "<group>";
		};
		E76C122B2ACB499100024161 /* Products */ = {
			isa = PBXGroup;
			children = (
				E76C122A2ACB499100024161 /* Tracker.app */,
			);
			name = Products;
			sourceTree = "<group>";
		};
		E76C122C2ACB499100024161 /* Tracker */ = {
			isa = PBXGroup;
			children = (
				E76C12942ACC7A4500024161 /* DataModel.xcdatamodeld */,
				E76C123B2ACB499200024161 /* Info.plist */,
				E76C12482ACB4B3800024161 /* Presenter */,
				E76C12472ACB4B3400024161 /* Resources */,
				E76C12972ACDF7EC00024161 /* ModelCoreData */,
				E76C12462ACB4B3100024161 /* Tracker */,
				E76C12452ACB4B2E00024161 /* Models */,
				E76C12442ACB4B2B00024161 /* TrackersSheduleViewController */,
				E76C12432ACB4B2900024161 /* NewHabitEvent */,
				E76C12422ACB4B2700024161 /* Onboarding */,
				E72523C12AEA96C700612BA5 /* CategoryViewController */,
				E76C12632ACB4E1200024161 /* StatisticViewController.swift */,
				E76C12652ACB4E2000024161 /* TabBarController.swift */,
				E76C126B2ACB4E4700024161 /* TrackerHeader.swift */,
				E76C126D2ACB4E5300024161 /* EmojiCollectionViewCell.swift */,
				E76C126F2ACB4E6000024161 /* ColorsCollectionViewCell.swift */,
			);
			path = Tracker;
			sourceTree = "<group>";
		};
		E76C12422ACB4B2700024161 /* Onboarding */ = {
			isa = PBXGroup;
			children = (
				E72523BE2AE8459000612BA5 /* OnboardingViewController.swift */,
			);
			path = Onboarding;
			sourceTree = "<group>";
		};
		E76C12432ACB4B2900024161 /* NewHabitEvent */ = {
			isa = PBXGroup;
			children = (
				E76C12512ACB4C8C00024161 /* NewHabitViewController.swift */,
				E76C12672ACB4E2C00024161 /* NewEventViewController.swift */,
			);
			path = NewHabitEvent;
			sourceTree = "<group>";
		};
		E76C12442ACB4B2B00024161 /* TrackersSheduleViewController */ = {
			isa = PBXGroup;
			children = (
				E76C125F2ACB4D4000024161 /* TrackersSheduleViewController.swift */,
				E76C12612ACB4D5700024161 /* TrackerScheduleTableView.swift */,
			);
			path = TrackersSheduleViewController;
			sourceTree = "<group>";
		};
		E76C12452ACB4B2E00024161 /* Models */ = {
			isa = PBXGroup;
			children = (
				E76C12572ACB4CDE00024161 /* TrackerCategory.swift */,
				E76C12592ACB4CFA00024161 /* Tracker.swift */,
				E76C125B2ACB4D0F00024161 /* TrackerRecord.swift */,
				E76C125D2ACB4D2200024161 /* TrackerCellViewModel.swift */,
			);
			path = Models;
			sourceTree = "<group>";
		};
		E76C12462ACB4B3100024161 /* Tracker */ = {
			isa = PBXGroup;
			children = (
				E76C124B2ACB4C3200024161 /* TrackerViewController.swift */,
				E76C12492ACB4C1700024161 /* TrackerCell.swift */,
				E76C124D2ACB4C4A00024161 /* TrackerCreator.swift */,
			);
			path = Tracker;
			sourceTree = "<group>";
		};
		E76C12472ACB4B3400024161 /* Resources */ = {
			isa = PBXGroup;
			children = (
				E76C12332ACB499100024161 /* Main.storyboard */,
				E76C12362ACB499200024161 /* Assets.xcassets */,
				E76C12382ACB499200024161 /* LaunchScreen.storyboard */,
			);
			path = Resources;
			sourceTree = "<group>";
		};
		E76C12482ACB4B3800024161 /* Presenter */ = {
			isa = PBXGroup;
			children = (
				E76C122D2ACB499100024161 /* AppDelegate.swift */,
				E76C122F2ACB499100024161 /* SceneDelegate.swift */,
			);
			path = Presenter;
			sourceTree = "<group>";
		};
		E76C12972ACDF7EC00024161 /* ModelCoreData */ = {
			isa = PBXGroup;
			children = (
				E76C129B2ACDF81E00024161 /* TrackerStore.swift */,
				E76C129D2ACDF83200024161 /* TrackerCategoryStore.swift */,
				E76C129F2ACDF83E00024161 /* TrackerRecordStore.swift */,
				E76C12A12ACF373300024161 /* UIColorMarshalling.swift */,
				E76C12A32ACF43BC00024161 /* ScheduleMarshalling.swift */,
			);
			path = ModelCoreData;
			sourceTree = "<group>";
		};
/* End PBXGroup section */

/* Begin PBXNativeTarget section */
		E76C12292ACB499100024161 /* Tracker */ = {
			isa = PBXNativeTarget;
			buildConfigurationList = E76C123E2ACB499200024161 /* Build configuration list for PBXNativeTarget "Tracker" */;
			buildPhases = (
				E76C12262ACB499100024161 /* Sources */,
				E76C12272ACB499100024161 /* Frameworks */,
				E76C12282ACB499100024161 /* Resources */,
			);
			buildRules = (
			);
			dependencies = (
			);
			name = Tracker;
			productName = Tracker;
			productReference = E76C122A2ACB499100024161 /* Tracker.app */;
			productType = "com.apple.product-type.application";
		};
/* End PBXNativeTarget section */

/* Begin PBXProject section */
		E76C12222ACB499100024161 /* Project object */ = {
			isa = PBXProject;
			attributes = {
				BuildIndependentTargetsInParallel = 1;
				LastSwiftUpdateCheck = 1430;
				LastUpgradeCheck = 1430;
				TargetAttributes = {
					E76C12292ACB499100024161 = {
						CreatedOnToolsVersion = 14.3;
					};
				};
			};
			buildConfigurationList = E76C12252ACB499100024161 /* Build configuration list for PBXProject "Tracker" */;
			compatibilityVersion = "Xcode 14.0";
			developmentRegion = en;
			hasScannedForEncodings = 0;
			knownRegions = (
				en,
				Base,
			);
			mainGroup = E76C12212ACB499100024161;
			productRefGroup = E76C122B2ACB499100024161 /* Products */;
			projectDirPath = "";
			projectRoot = "";
			targets = (
				E76C12292ACB499100024161 /* Tracker */,
			);
		};
/* End PBXProject section */

/* Begin PBXResourcesBuildPhase section */
		E76C12282ACB499100024161 /* Resources */ = {
			isa = PBXResourcesBuildPhase;
			buildActionMask = 2147483647;
			files = (
				E76C123A2ACB499200024161 /* LaunchScreen.storyboard in Resources */,
				E76C12372ACB499200024161 /* Assets.xcassets in Resources */,
				E76C12352ACB499100024161 /* Main.storyboard in Resources */,
			);
			runOnlyForDeploymentPostprocessing = 0;
		};
/* End PBXResourcesBuildPhase section */

/* Begin PBXSourcesBuildPhase section */
		E76C12262ACB499100024161 /* Sources */ = {
			isa = PBXSourcesBuildPhase;
			buildActionMask = 2147483647;
			files = (
				E76C12622ACB4D5700024161 /* TrackerScheduleTableView.swift in Sources */,
				E76C122E2ACB499100024161 /* AppDelegate.swift in Sources */,
				E76C126A2ACB4E3900024161 /* CategoryViewController.swift in Sources */,
				E76C12522ACB4C8C00024161 /* NewHabitViewController.swift in Sources */,
				E76C12A02ACDF83E00024161 /* TrackerRecordStore.swift in Sources */,
				E76C12682ACB4E2C00024161 /* NewEventViewController.swift in Sources */,
				E76C124C2ACB4C3200024161 /* TrackerViewController.swift in Sources */,
				E76C126E2ACB4E5300024161 /* EmojiCollectionViewCell.swift in Sources */,
				E76C12582ACB4CDE00024161 /* TrackerCategory.swift in Sources */,
				E76C12662ACB4E2000024161 /* TabBarController.swift in Sources */,
				E72523BF2AE8459000612BA5 /* OnboardingViewController.swift in Sources */,
				E76C125C2ACB4D0F00024161 /* TrackerRecord.swift in Sources */,
				E76C12702ACB4E6000024161 /* ColorsCollectionViewCell.swift in Sources */,
				E76C129C2ACDF81E00024161 /* TrackerStore.swift in Sources */,
				E76C12A42ACF43BC00024161 /* ScheduleMarshalling.swift in Sources */,
				E76C125E2ACB4D2200024161 /* TrackerCellViewModel.swift in Sources */,
				E76C125A2ACB4CFB00024161 /* Tracker.swift in Sources */,
				E76C129E2ACDF83200024161 /* TrackerCategoryStore.swift in Sources */,
				E76C12602ACB4D4000024161 /* TrackersSheduleViewController.swift in Sources */,
				E76C124A2ACB4C1800024161 /* TrackerCell.swift in Sources */,
				E76C12962ACC7A4500024161 /* DataModel.xcdatamodeld in Sources */,
				E76C12302ACB499100024161 /* SceneDelegate.swift in Sources */,
				E72523C52AEA97B100612BA5 /* CategoryViewControllerModel.swift in Sources */,
				E76C124E2ACB4C4A00024161 /* TrackerCreator.swift in Sources */,
				E76C12642ACB4E1200024161 /* StatisticViewController.swift in Sources */,
				E72523C32AEA977B00612BA5 /* CreateCategoryViewController.swift in Sources */,
				E76C12A22ACF373300024161 /* UIColorMarshalling.swift in Sources */,
				E76C126C2ACB4E4700024161 /* TrackerHeader.swift in Sources */,
			);
			runOnlyForDeploymentPostprocessing = 0;
		};
/* End PBXSourcesBuildPhase section */

/* Begin PBXVariantGroup section */
		E76C12332ACB499100024161 /* Main.storyboard */ = {
			isa = PBXVariantGroup;
			children = (
				E76C12342ACB499100024161 /* Base */,
			);
			name = Main.storyboard;
			sourceTree = "<group>";
		};
		E76C12382ACB499200024161 /* LaunchScreen.storyboard */ = {
			isa = PBXVariantGroup;
			children = (
				E76C12392ACB499200024161 /* Base */,
			);
			name = LaunchScreen.storyboard;
			sourceTree = "<group>";
		};
/* End PBXVariantGroup section */

/* Begin XCBuildConfiguration section */
		E76C123C2ACB499200024161 /* Debug */ = {
			isa = XCBuildConfiguration;
			buildSettings = {
				ALWAYS_SEARCH_USER_PATHS = NO;
				CLANG_ANALYZER_NONNULL = YES;
				CLANG_ANALYZER_NUMBER_OBJECT_CONVERSION = YES_AGGRESSIVE;
				CLANG_CXX_LANGUAGE_STANDARD = "gnu++20";
				CLANG_ENABLE_MODULES = YES;
				CLANG_ENABLE_OBJC_ARC = YES;
				CLANG_ENABLE_OBJC_WEAK = YES;
				CLANG_WARN_BLOCK_CAPTURE_AUTORELEASING = YES;
				CLANG_WARN_BOOL_CONVERSION = YES;
				CLANG_WARN_COMMA = YES;
				CLANG_WARN_CONSTANT_CONVERSION = YES;
				CLANG_WARN_DEPRECATED_OBJC_IMPLEMENTATIONS = YES;
				CLANG_WARN_DIRECT_OBJC_ISA_USAGE = YES_ERROR;
				CLANG_WARN_DOCUMENTATION_COMMENTS = YES;
				CLANG_WARN_EMPTY_BODY = YES;
				CLANG_WARN_ENUM_CONVERSION = YES;
				CLANG_WARN_INFINITE_RECURSION = YES;
				CLANG_WARN_INT_CONVERSION = YES;
				CLANG_WARN_NON_LITERAL_NULL_CONVERSION = YES;
				CLANG_WARN_OBJC_IMPLICIT_RETAIN_SELF = YES;
				CLANG_WARN_OBJC_LITERAL_CONVERSION = YES;
				CLANG_WARN_OBJC_ROOT_CLASS = YES_ERROR;
				CLANG_WARN_QUOTED_INCLUDE_IN_FRAMEWORK_HEADER = YES;
				CLANG_WARN_RANGE_LOOP_ANALYSIS = YES;
				CLANG_WARN_STRICT_PROTOTYPES = YES;
				CLANG_WARN_SUSPICIOUS_MOVE = YES;
				CLANG_WARN_UNGUARDED_AVAILABILITY = YES_AGGRESSIVE;
				CLANG_WARN_UNREACHABLE_CODE = YES;
				CLANG_WARN__DUPLICATE_METHOD_MATCH = YES;
				COPY_PHASE_STRIP = NO;
				DEBUG_INFORMATION_FORMAT = dwarf;
				ENABLE_STRICT_OBJC_MSGSEND = YES;
				ENABLE_TESTABILITY = YES;
				GCC_C_LANGUAGE_STANDARD = gnu11;
				GCC_DYNAMIC_NO_PIC = NO;
				GCC_NO_COMMON_BLOCKS = YES;
				GCC_OPTIMIZATION_LEVEL = 0;
				GCC_PREPROCESSOR_DEFINITIONS = (
					"DEBUG=1",
					"$(inherited)",
				);
				GCC_WARN_64_TO_32_BIT_CONVERSION = YES;
				GCC_WARN_ABOUT_RETURN_TYPE = YES_ERROR;
				GCC_WARN_UNDECLARED_SELECTOR = YES;
				GCC_WARN_UNINITIALIZED_AUTOS = YES_AGGRESSIVE;
				GCC_WARN_UNUSED_FUNCTION = YES;
				GCC_WARN_UNUSED_VARIABLE = YES;
				IPHONEOS_DEPLOYMENT_TARGET = 16.4;
				MTL_ENABLE_DEBUG_INFO = INCLUDE_SOURCE;
				MTL_FAST_MATH = YES;
				ONLY_ACTIVE_ARCH = YES;
				SDKROOT = iphoneos;
				SWIFT_ACTIVE_COMPILATION_CONDITIONS = DEBUG;
				SWIFT_OPTIMIZATION_LEVEL = "-Onone";
			};
			name = Debug;
		};
		E76C123D2ACB499200024161 /* Release */ = {
			isa = XCBuildConfiguration;
			buildSettings = {
				ALWAYS_SEARCH_USER_PATHS = NO;
				CLANG_ANALYZER_NONNULL = YES;
				CLANG_ANALYZER_NUMBER_OBJECT_CONVERSION = YES_AGGRESSIVE;
				CLANG_CXX_LANGUAGE_STANDARD = "gnu++20";
				CLANG_ENABLE_MODULES = YES;
				CLANG_ENABLE_OBJC_ARC = YES;
				CLANG_ENABLE_OBJC_WEAK = YES;
				CLANG_WARN_BLOCK_CAPTURE_AUTORELEASING = YES;
				CLANG_WARN_BOOL_CONVERSION = YES;
				CLANG_WARN_COMMA = YES;
				CLANG_WARN_CONSTANT_CONVERSION = YES;
				CLANG_WARN_DEPRECATED_OBJC_IMPLEMENTATIONS = YES;
				CLANG_WARN_DIRECT_OBJC_ISA_USAGE = YES_ERROR;
				CLANG_WARN_DOCUMENTATION_COMMENTS = YES;
				CLANG_WARN_EMPTY_BODY = YES;
				CLANG_WARN_ENUM_CONVERSION = YES;
				CLANG_WARN_INFINITE_RECURSION = YES;
				CLANG_WARN_INT_CONVERSION = YES;
				CLANG_WARN_NON_LITERAL_NULL_CONVERSION = YES;
				CLANG_WARN_OBJC_IMPLICIT_RETAIN_SELF = YES;
				CLANG_WARN_OBJC_LITERAL_CONVERSION = YES;
				CLANG_WARN_OBJC_ROOT_CLASS = YES_ERROR;
				CLANG_WARN_QUOTED_INCLUDE_IN_FRAMEWORK_HEADER = YES;
				CLANG_WARN_RANGE_LOOP_ANALYSIS = YES;
				CLANG_WARN_STRICT_PROTOTYPES = YES;
				CLANG_WARN_SUSPICIOUS_MOVE = YES;
				CLANG_WARN_UNGUARDED_AVAILABILITY = YES_AGGRESSIVE;
				CLANG_WARN_UNREACHABLE_CODE = YES;
				CLANG_WARN__DUPLICATE_METHOD_MATCH = YES;
				COPY_PHASE_STRIP = NO;
				DEBUG_INFORMATION_FORMAT = "dwarf-with-dsym";
				ENABLE_NS_ASSERTIONS = NO;
				ENABLE_STRICT_OBJC_MSGSEND = YES;
				GCC_C_LANGUAGE_STANDARD = gnu11;
				GCC_NO_COMMON_BLOCKS = YES;
				GCC_WARN_64_TO_32_BIT_CONVERSION = YES;
				GCC_WARN_ABOUT_RETURN_TYPE = YES_ERROR;
				GCC_WARN_UNDECLARED_SELECTOR = YES;
				GCC_WARN_UNINITIALIZED_AUTOS = YES_AGGRESSIVE;
				GCC_WARN_UNUSED_FUNCTION = YES;
				GCC_WARN_UNUSED_VARIABLE = YES;
				IPHONEOS_DEPLOYMENT_TARGET = 16.4;
				MTL_ENABLE_DEBUG_INFO = NO;
				MTL_FAST_MATH = YES;
				SDKROOT = iphoneos;
				SWIFT_COMPILATION_MODE = wholemodule;
				SWIFT_OPTIMIZATION_LEVEL = "-O";
				VALIDATE_PRODUCT = YES;
			};
			name = Release;
		};
		E76C123F2ACB499200024161 /* Debug */ = {
			isa = XCBuildConfiguration;
			buildSettings = {
				ASSETCATALOG_COMPILER_APPICON_NAME = AppIcon;
				ASSETCATALOG_COMPILER_GLOBAL_ACCENT_COLOR_NAME = AccentColor;
				CODE_SIGN_STYLE = Automatic;
				CURRENT_PROJECT_VERSION = 1;
				DEVELOPMENT_TEAM = 796BR85JD4;
				GENERATE_INFOPLIST_FILE = YES;
				INFOPLIST_FILE = Tracker/Info.plist;
				INFOPLIST_KEY_UIApplicationSupportsIndirectInputEvents = YES;
				INFOPLIST_KEY_UILaunchStoryboardName = LaunchScreen;
				INFOPLIST_KEY_UIMainStoryboardFile = Main;
				INFOPLIST_KEY_UISupportedInterfaceOrientations = UIInterfaceOrientationPortrait;
				INFOPLIST_KEY_UISupportedInterfaceOrientations_iPad = "UIInterfaceOrientationLandscapeLeft UIInterfaceOrientationLandscapeRight UIInterfaceOrientationPortrait UIInterfaceOrientationPortraitUpsideDown";
				IPHONEOS_DEPLOYMENT_TARGET = 13.4;
				LD_RUNPATH_SEARCH_PATHS = (
					"$(inherited)",
					"@executable_path/Frameworks",
				);
				MARKETING_VERSION = 1.0;
				PRODUCT_BUNDLE_IDENTIFIER = com.AndreyAslanov.Tracker;
				PRODUCT_NAME = "$(TARGET_NAME)";
				SUPPORTED_PLATFORMS = "iphoneos iphonesimulator";
				SUPPORTS_MACCATALYST = NO;
				SUPPORTS_MAC_DESIGNED_FOR_IPHONE_IPAD = NO;
				SWIFT_EMIT_LOC_STRINGS = YES;
				SWIFT_VERSION = 5.0;
				TARGETED_DEVICE_FAMILY = 1;
			};
			name = Debug;
		};
		E76C12402ACB499200024161 /* Release */ = {
			isa = XCBuildConfiguration;
			buildSettings = {
				ASSETCATALOG_COMPILER_APPICON_NAME = AppIcon;
				ASSETCATALOG_COMPILER_GLOBAL_ACCENT_COLOR_NAME = AccentColor;
				CODE_SIGN_STYLE = Automatic;
				CURRENT_PROJECT_VERSION = 1;
				DEVELOPMENT_TEAM = 796BR85JD4;
				GENERATE_INFOPLIST_FILE = YES;
				INFOPLIST_FILE = Tracker/Info.plist;
				INFOPLIST_KEY_UIApplicationSupportsIndirectInputEvents = YES;
				INFOPLIST_KEY_UILaunchStoryboardName = LaunchScreen;
				INFOPLIST_KEY_UIMainStoryboardFile = Main;
				INFOPLIST_KEY_UISupportedInterfaceOrientations = UIInterfaceOrientationPortrait;
				INFOPLIST_KEY_UISupportedInterfaceOrientations_iPad = "UIInterfaceOrientationLandscapeLeft UIInterfaceOrientationLandscapeRight UIInterfaceOrientationPortrait UIInterfaceOrientationPortraitUpsideDown";
				IPHONEOS_DEPLOYMENT_TARGET = 13.4;
				LD_RUNPATH_SEARCH_PATHS = (
					"$(inherited)",
					"@executable_path/Frameworks",
				);
				MARKETING_VERSION = 1.0;
				PRODUCT_BUNDLE_IDENTIFIER = com.AndreyAslanov.Tracker;
				PRODUCT_NAME = "$(TARGET_NAME)";
				SUPPORTED_PLATFORMS = "iphoneos iphonesimulator";
				SUPPORTS_MACCATALYST = NO;
				SUPPORTS_MAC_DESIGNED_FOR_IPHONE_IPAD = NO;
				SWIFT_EMIT_LOC_STRINGS = YES;
				SWIFT_VERSION = 5.0;
				TARGETED_DEVICE_FAMILY = 1;
			};
			name = Release;
		};
/* End XCBuildConfiguration section */

/* Begin XCConfigurationList section */
		E76C12252ACB499100024161 /* Build configuration list for PBXProject "Tracker" */ = {
			isa = XCConfigurationList;
			buildConfigurations = (
				E76C123C2ACB499200024161 /* Debug */,
				E76C123D2ACB499200024161 /* Release */,
			);
			defaultConfigurationIsVisible = 0;
			defaultConfigurationName = Release;
		};
		E76C123E2ACB499200024161 /* Build configuration list for PBXNativeTarget "Tracker" */ = {
			isa = XCConfigurationList;
			buildConfigurations = (
				E76C123F2ACB499200024161 /* Debug */,
				E76C12402ACB499200024161 /* Release */,
			);
			defaultConfigurationIsVisible = 0;
			defaultConfigurationName = Release;
		};
/* End XCConfigurationList section */

/* Begin XCVersionGroup section */
		E76C12942ACC7A4500024161 /* DataModel.xcdatamodeld */ = {
			isa = XCVersionGroup;
			children = (
				E76C12952ACC7A4500024161 /* Tracker.xcdatamodel */,
			);
			currentVersion = E76C12952ACC7A4500024161 /* Tracker.xcdatamodel */;
			path = DataModel.xcdatamodeld;
			sourceTree = "<group>";
			versionGroupType = wrapper.xcdatamodel;
		};
/* End XCVersionGroup section */
	};
	rootObject = E76C12222ACB499100024161 /* Project object */;
}
